
Microsoft Visual Studio Solution File, Format Version 12.00
# Visual Studio Version 17
VisualStudioVersion = 17.7.34221.43
MinimumVisualStudioVersion = 10.0.40219.1
Project("{8BC9CEB8-8B4A-11D0-8D11-00A0C91BC942}") = "bin2c", "..\bin2c\vs2013\bin2c.vcxproj", "{76CE75A1-4681-4D5E-BF26-9103CB7ACD34}"
EndProject
Project("{8BC9CEB8-8B4A-11D0-8D11-00A0C91BC942}") = "generate_wav", "..\generate_wav\generate_wav.vcxproj", "{10E43713-0C1F-4112-B0D3-CA2B15C4E094}"
EndProject
Project("{8BC9CEB8-8B4A-11D0-8D11-00A0C91BC942}") = "rebuild_update", "..\rebuild_update\vs2013\rebuild_update.vcxproj", "{426349A3-0CA2-47AB-90B5-7312D4CDBA4C}"
EndProject
Project("{8BC9CEB8-8B4A-11D0-8D11-00A0C91BC942}") = "dither565", "..\dither565\vs2013\dither565.vcxproj", "{926F5E07-1065-4795-AB4E-5C886966C2A2}"
EndProject
Project("{8BC9CEB8-8B4A-11D0-8D11-00A0C91BC942}") = "orc_sudoku", "..\orc_sudoku\vs\orc_sudoku.vcxproj", "{3771B729-1794-48D1-87FB-1EBF921FDE3C}"
EndProject
Project("{8BC9CEB8-8B4A-11D0-8D11-00A0C91BC942}") = "filter_scale", "..\filter_scale\vs\filter_scale.vcxproj", "{290F2DE8-9758-4D9A-94B9-B00A7A8D6714}"
EndProject
Global
	GlobalSection(SolutionConfigurationPlatforms) = preSolution
		Debug|Win32 = Debug|Win32
		Release|Win32 = Release|Win32
	EndGlobalSection
	GlobalSection(ProjectConfigurationPlatforms) = postSolution
		{76CE75A1-4681-4D5E-BF26-9103CB7ACD34}.Debug|Win32.ActiveCfg = Debug|Win32
		{76CE75A1-4681-4D5E-BF26-9103CB7ACD34}.Debug|Win32.Build.0 = Debug|Win32
		{76CE75A1-4681-4D5E-BF26-9103CB7ACD34}.Release|Win32.ActiveCfg = Release|Win32
		{76CE75A1-4681-4D5E-BF26-9103CB7ACD34}.Release|Win32.Build.0 = Release|Win32
		{10E43713-0C1F-4112-B0D3-CA2B15C4E094}.Debug|Win32.ActiveCfg = Debug|Win32
		{10E43713-0C1F-4112-B0D3-CA2B15C4E094}.Debug|Win32.Build.0 = Debug|Win32
		{10E43713-0C1F-4112-B0D3-CA2B15C4E094}.Release|Win32.ActiveCfg = Release|Win32
		{10E43713-0C1F-4112-B0D3-CA2B15C4E094}.Release|Win32.Build.0 = Release|Win32
		{426349A3-0CA2-47AB-90B5-7312D4CDBA4C}.Debug|Win32.ActiveCfg = Debug|Win32
		{426349A3-0CA2-47AB-90B5-7312D4CDBA4C}.Debug|Win32.Build.0 = Debug|Win32
		{426349A3-0CA2-47AB-90B5-7312D4CDBA4C}.Release|Win32.ActiveCfg = Release|Win32
		{426349A3-0CA2-47AB-90B5-7312D4CDBA4C}.Release|Win32.Build.0 = Release|Win32
		{926F5E07-1065-4795-AB4E-5C886966C2A2}.Debug|Win32.ActiveCfg = Debug|Win32
		{926F5E07-1065-4795-AB4E-5C886966C2A2}.Debug|Win32.Build.0 = Debug|Win32
		{926F5E07-1065-4795-AB4E-5C886966C2A2}.Release|Win32.ActiveCfg = Release|Win32
		{926F5E07-1065-4795-AB4E-5C886966C2A2}.Release|Win32.Build.0 = Release|Win32
		{3771B729-1794-48D1-87FB-1EBF921FDE3C}.Debug|Win32.ActiveCfg = Debug|Win32
		{3771B729-1794-48D1-87FB-1EBF921FDE3C}.Debug|Win32.Build.0 = Debug|Win32
		{3771B729-1794-48D1-87FB-1EBF921FDE3C}.Release|Win32.ActiveCfg = Release|Win32
		{3771B729-1794-48D1-87FB-1EBF921FDE3C}.Release|Win32.Build.0 = Release|Win32
		{290F2DE8-9758-4D9A-94B9-B00A7A8D6714}.Debug|Win32.ActiveCfg = Debug|Win32
		{290F2DE8-9758-4D9A-94B9-B00A7A8D6714}.Debug|Win32.Build.0 = Debug|Win32
		{290F2DE8-9758-4D9A-94B9-B00A7A8D6714}.Release|Win32.ActiveCfg = Release|Win32
		{290F2DE8-9758-4D9A-94B9-B00A7A8D6714}.Release|Win32.Build.0 = Release|Win32
	EndGlobalSection
	GlobalSection(SolutionProperties) = preSolution
		HideSolutionNode = FALSE
	EndGlobalSection
	GlobalSection(ExtensibilityGlobals) = postSolution
		SolutionGuid = {D3CC9171-B4C3-46F4-863B-7B15FA77CA07}
	EndGlobalSection
EndGlobal
